<?xml version="1.0" encoding="utf-8"?>
<Project ToolsVersion="4.0" xmlns="http://schemas.microsoft.com/developer/msbuild/2003">
  <ItemGroup>
    <Filter Include="Source Files">
      <UniqueIdentifier>{4FC737F1-C7A5-4376-A066-2A32D752A2FF}</UniqueIdentifier>
      <Extensions>cpp;c;cc;cxx;def;odl;idl;hpj;bat;asm;asmx</Extensions>
    </Filter>
    <Filter Include="Header Files">
      <UniqueIdentifier>{93995380-89BD-4b04-88EB-625FBE52EBFB}</UniqueIdentifier>
      <Extensions>h;hpp;hxx;hm;inl;inc;xsd</Extensions>
    </Filter>
    <Filter Include="Resource Files">
      <UniqueIdentifier>{67DA6AB6-F800-4c08-8B7A-83BB121AAD01}</UniqueIdentifier>
      <Extensions>rc;ico;cur;bmp;dlg;rc2;rct;bin;rgs;gif;jpg;jpeg;jpe;resx;tiff;tif;png;wav;mfcribbon-ms</Extensions>
    </Filter>
    <Filter Include="Driver Files">
      <UniqueIdentifier>{8E41214B-6785-4CFE-B992-037D68949A14}</UniqueIdentifier>
      <Extensions>inf;inv;inx;mof;mc;</Extensions>
    </Filter>
    <Filter Include="Source Files\helper">
      <UniqueIdentifier>{7c07440c-e1da-409a-a0e8-4fd59fc330c5}</UniqueIdentifier>
    </Filter>
    <Filter Include="Header Files\helper">
      <UniqueIdentifier>{17fdea5e-e7f3-401a-acdb-da10e8a73661}</UniqueIdentifier>
    </Filter>
  </ItemGroup>
  <ItemGroup>
    <Inf Include="AudioMirror.inf">
      <Filter>Driver Files</Filter>
    </Inf>
  </ItemGroup>
  <ItemGroup>
    <ClInclude Include="Macros.h">
      <Filter>Header Files</Filter>
    </ClInclude>
    <ClInclude Include="IAdapterCommon.h">
      <Filter>Header Files</Filter>
    </ClInclude>
    <ClInclude Include="EndpointMinipair.h">
      <Filter>Header Files</Filter>
    </ClInclude>
    <ClInclude Include="AdapterCommon.h">
      <Filter>Header Files</Filter>
    </ClInclude>
    <ClInclude Include="Globals.h">
      <Filter>Header Files</Filter>
    </ClInclude>
    <ClInclude Include="SubdeviceHelper.h">
      <Filter>Header Files\helper</Filter>
    </ClInclude>
    <ClInclude Include="RegistryHelper.h">
      <Filter>Header Files\helper</Filter>
    </ClInclude>
    <ClInclude Include="SubdeviceCache.h">
      <Filter>Header Files\helper</Filter>
    </ClInclude>
    <ClInclude Include="NewDelete.h">
      <Filter>Header Files</Filter>
    </ClInclude>
    <ClInclude Include="MinipairDescriptorFactory.h">
      <Filter>Header Files</Filter>
    </ClInclude>
    <ClInclude Include="MicrophoneWaveProperties.h">
      <Filter>Header Files</Filter>
    </ClInclude>
    <ClInclude Include="KsAudioProcessingAttribute.h">
      <Filter>Header Files</Filter>
    </ClInclude>
    <ClInclude Include="MiniportWaveRT.h">
      <Filter>Header Files</Filter>
    </ClInclude>
    <ClInclude Include="KsHelper.h">
      <Filter>Header Files\helper</Filter>
    </ClInclude>
    <ClInclude Include="MiniportWaveRTStream.h">
      <Filter>Header Files</Filter>
    </ClInclude>
    <ClInclude Include="MiniportTopology.h">
      <Filter>Header Files</Filter>
    </ClInclude>
    <ClInclude Include="MicrophoneTopologyPropertiesh.h">
      <Filter>Header Files</Filter>
    </ClInclude>
    <ClInclude Include="SpeakerWaveProperties.h">
      <Filter>Header Files</Filter>
    </ClInclude>
    <ClInclude Include="SpeakerTopologyProperties.h">
      <Filter>Header Files</Filter>
    </ClInclude>
    <ClInclude Include="RingBuffer.h">
      <Filter>Header Files</Filter>
    </ClInclude>
  </ItemGroup>
  <ItemGroup>
    <ClCompile Include="Driver.cpp">
      <Filter>Source Files</Filter>
    </ClCompile>
    <ClCompile Include="AdapterCommon.cpp">
      <Filter>Source Files</Filter>
    </ClCompile>
    <ClCompile Include="SubdeviceHelper.cpp">
      <Filter>Source Files\helper</Filter>
    </ClCompile>
    <ClCompile Include="RegistryHelper.cpp">
      <Filter>Source Files\helper</Filter>
    </ClCompile>
    <ClCompile Include="SubdeviceCache.cpp">
      <Filter>Source Files\helper</Filter>
    </ClCompile>
    <ClCompile Include="NewDelete.cpp">
      <Filter>Source Files</Filter>
    </ClCompile>
    <ClCompile Include="MinipairDescriptorFactory.cpp">
      <Filter>Source Files</Filter>
    </ClCompile>
    <ClCompile Include="MiniportWaveRT.cpp">
      <Filter>Source Files</Filter>
    </ClCompile>
    <ClCompile Include="KsHelper.cpp">
      <Filter>Source Files\helper</Filter>
    </ClCompile>
    <ClCompile Include="MiniportWaveRTStream.cpp">
      <Filter>Source Files</Filter>
    </ClCompile>
    <ClCompile Include="MiniportWaveRTStreamAudioEngineNode.cpp">
      <Filter>Source Files</Filter>
    </ClCompile>
    <ClCompile Include="MiniportTopology.cpp">
      <Filter>Source Files</Filter>
    </ClCompile>
    <ClCompile Include="RingBuffer.cpp">
      <Filter>Source Files</Filter>
    </ClCompile>
  </ItemGroup>
</Project>